
Microsoft Visual Studio Solution File, Format Version 12.00
# Visual Studio Version 17
VisualStudioVersion = 17.0.31903.59
MinimumVisualStudioVersion = 10.0.40219.1
Project("{FAE04EC0-301F-11D3-BF4B-00C04F79EFBC}") = "Portal", "Portal\Portal.csproj", "{770379D7-1B2E-42F6-95D4-F686BC5001EF}"
EndProject
Project("{FAE04EC0-301F-11D3-BF4B-00C04F79EFBC}") = "SaaSApp", "SaaSApp\SaaSApp.csproj", "{B6CB8726-CA7C-4291-86B1-3085F4DB1818}"
EndProject
Global
	GlobalSection(SolutionConfigurationPlatforms) = preSolution
		Debug|Any CPU = Debug|Any CPU
		Debug|x64 = Debug|x64
		Debug|x86 = Debug|x86
		Release|Any CPU = Release|Any CPU
		Release|x64 = Release|x64
		Release|x86 = Release|x86
	EndGlobalSection
	GlobalSection(ProjectConfigurationPlatforms) = postSolution
		{770379D7-1B2E-42F6-95D4-F686BC5001EF}.Debug|Any CPU.ActiveCfg = Debug|Any CPU
		{770379D7-1B2E-42F6-95D4-F686BC5001EF}.Debug|Any CPU.Build.0 = Debug|Any CPU
		{770379D7-1B2E-42F6-95D4-F686BC5001EF}.Debug|x64.ActiveCfg = Debug|Any CPU
		{770379D7-1B2E-42F6-95D4-F686BC5001EF}.Debug|x64.Build.0 = Debug|Any CPU
		{770379D7-1B2E-42F6-95D4-F686BC5001EF}.Debug|x86.ActiveCfg = Debug|Any CPU
		{770379D7-1B2E-42F6-95D4-F686BC5001EF}.Debug|x86.Build.0 = Debug|Any CPU
		{770379D7-1B2E-42F6-95D4-F686BC5001EF}.Release|Any CPU.ActiveCfg = Release|Any CPU
		{770379D7-1B2E-42F6-95D4-F686BC5001EF}.Release|Any CPU.Build.0 = Release|Any CPU
		{770379D7-1B2E-42F6-95D4-F686BC5001EF}.Release|x64.ActiveCfg = Release|Any CPU
		{770379D7-1B2E-42F6-95D4-F686BC5001EF}.Release|x64.Build.0 = Release|Any CPU
		{770379D7-1B2E-42F6-95D4-F686BC5001EF}.Release|x86.ActiveCfg = Release|Any CPU
		{770379D7-1B2E-42F6-95D4-F686BC5001EF}.Release|x86.Build.0 = Release|Any CPU
		{B6CB8726-CA7C-4291-86B1-3085F4DB1818}.Debug|Any CPU.ActiveCfg = Debug|Any CPU
		{B6CB8726-CA7C-4291-86B1-3085F4DB1818}.Debug|Any CPU.Build.0 = Debug|Any CPU
		{B6CB8726-CA7C-4291-86B1-3085F4DB1818}.Debug|x64.ActiveCfg = Debug|Any CPU
		{B6CB8726-CA7C-4291-86B1-3085F4DB1818}.Debug|x64.Build.0 = Debug|Any CPU
		{B6CB8726-CA7C-4291-86B1-3085F4DB1818}.Debug|x86.ActiveCfg = Debug|Any CPU
		{B6CB8726-CA7C-4291-86B1-3085F4DB1818}.Debug|x86.Build.0 = Debug|Any CPU
		{B6CB8726-CA7C-4291-86B1-3085F4DB1818}.Release|Any CPU.ActiveCfg = Release|Any CPU
		{B6CB8726-CA7C-4291-86B1-3085F4DB1818}.Release|Any CPU.Build.0 = Release|Any CPU
		{B6CB8726-CA7C-4291-86B1-3085F4DB1818}.Release|x64.ActiveCfg = Release|Any CPU
		{B6CB8726-CA7C-4291-86B1-3085F4DB1818}.Release|x64.Build.0 = Release|Any CPU
		{B6CB8726-CA7C-4291-86B1-3085F4DB1818}.Release|x86.ActiveCfg = Release|Any CPU
		{B6CB8726-CA7C-4291-86B1-3085F4DB1818}.Release|x86.Build.0 = Release|Any CPU
	EndGlobalSection
	GlobalSection(SolutionProperties) = preSolution
		HideSolutionNode = FALSE
	EndGlobalSection
EndGlobal
