
Microsoft Visual Studio Solution File, Format Version 12.00
# Visual Studio Version 17
VisualStudioVersion = 17.12.35527.113
MinimumVisualStudioVersion = 10.0.40219.1
Project("{FAE04EC0-301F-11D3-BF4B-00C04F79EFBC}") = "CRMWebAPI", "CRMWebAPI\CRMWebAPI.csproj", "{1EF3BC04-51A9-4B80-8B6C-16856A3087EF}"
EndProject
Project("{FAE04EC0-301F-11D3-BF4B-00C04F79EFBC}") = "CRMLib", "CRMLib\CRMLib.csproj", "{D6C2D67E-EB5A-4BF9-951C-F4E0445AF4A7}"
EndProject
Project("{FAE04EC0-301F-11D3-BF4B-00C04F79EFBC}") = "WebAppMVC", "WebAppMVC\WebAppMVC.csproj", "{E4F81684-EBF1-03C4-A9EF-53FAA4881463}"
EndProject
Global
	GlobalSection(SolutionConfigurationPlatforms) = preSolution
		Debug|Any CPU = Debug|Any CPU
		Release|Any CPU = Release|Any CPU
	EndGlobalSection
	GlobalSection(ProjectConfigurationPlatforms) = postSolution
		{1EF3BC04-51A9-4B80-8B6C-16856A3087EF}.Debug|Any CPU.ActiveCfg = Debug|Any CPU
		{1EF3BC04-51A9-4B80-8B6C-16856A3087EF}.Debug|Any CPU.Build.0 = Debug|Any CPU
		{1EF3BC04-51A9-4B80-8B6C-16856A3087EF}.Release|Any CPU.ActiveCfg = Release|Any CPU
		{1EF3BC04-51A9-4B80-8B6C-16856A3087EF}.Release|Any CPU.Build.0 = Release|Any CPU
		{D6C2D67E-EB5A-4BF9-951C-F4E0445AF4A7}.Debug|Any CPU.ActiveCfg = Debug|Any CPU
		{D6C2D67E-EB5A-4BF9-951C-F4E0445AF4A7}.Debug|Any CPU.Build.0 = Debug|Any CPU
		{D6C2D67E-EB5A-4BF9-951C-F4E0445AF4A7}.Release|Any CPU.ActiveCfg = Release|Any CPU
		{D6C2D67E-EB5A-4BF9-951C-F4E0445AF4A7}.Release|Any CPU.Build.0 = Release|Any CPU
		{E4F81684-EBF1-03C4-A9EF-53FAA4881463}.Debug|Any CPU.ActiveCfg = Debug|Any CPU
		{E4F81684-EBF1-03C4-A9EF-53FAA4881463}.Debug|Any CPU.Build.0 = Debug|Any CPU
		{E4F81684-EBF1-03C4-A9EF-53FAA4881463}.Release|Any CPU.ActiveCfg = Release|Any CPU
		{E4F81684-EBF1-03C4-A9EF-53FAA4881463}.Release|Any CPU.Build.0 = Release|Any CPU
	EndGlobalSection
	GlobalSection(SolutionProperties) = preSolution
		HideSolutionNode = FALSE
	EndGlobalSection
	GlobalSection(ExtensibilityGlobals) = postSolution
		SolutionGuid = {656B0675-90C1-4091-B6D9-377714DEC9A1}
	EndGlobalSection
EndGlobal
